
Microsoft Visual Studio Solution File, Format Version 12.00
# Visual Studio Version 16
VisualStudioVersion = 16.0.31005.135
MinimumVisualStudioVersion = 10.0.40219.1
Project("{FAE04EC0-301F-11D3-BF4B-00C04F79EFBC}") = "SELECCIÓN", "SELECCIÓN\SELECCIÓN.csproj", "{6AFE78AB-87A4-4209-BC1C-CF69FF88268E}"
EndProject
Global
	GlobalSection(SolutionConfigurationPlatforms) = preSolution
		Debug|Any CPU = Debug|Any CPU
		Release|Any CPU = Release|Any CPU
	EndGlobalSection
	GlobalSection(ProjectConfigurationPlatforms) = postSolution
		{6AFE78AB-87A4-4209-BC1C-CF69FF88268E}.Debug|Any CPU.ActiveCfg = Debug|Any CPU
		{6AFE78AB-87A4-4209-BC1C-CF69FF88268E}.Debug|Any CPU.Build.0 = Debug|Any CPU
		{6AFE78AB-87A4-4209-BC1C-CF69FF88268E}.Release|Any CPU.ActiveCfg = Release|Any CPU
		{6AFE78AB-87A4-4209-BC1C-CF69FF88268E}.Release|Any CPU.Build.0 = Release|Any CPU
	EndGlobalSection
	GlobalSection(SolutionProperties) = preSolution
		HideSolutionNode = FALSE
	EndGlobalSection
	GlobalSection(ExtensibilityGlobals) = postSolution
		SolutionGuid = {623EA5DE-1E4A-4339-88C7-369521AB4963}
	EndGlobalSection
EndGlobal
