
Microsoft Visual Studio Solution File, Format Version 12.00
# Visual Studio Version 16
VisualStudioVersion = 16.0.31005.135
MinimumVisualStudioVersion = 10.0.40219.1
Project("{FAE04EC0-301F-11D3-BF4B-00C04F79EFBC}") = "Agenda", "Agenda\Agenda.csproj", "{F2BF1DB4-4F86-4530-BE03-9916653F6F1B}"
EndProject
Global
	GlobalSection(SolutionConfigurationPlatforms) = preSolution
		Debug|Any CPU = Debug|Any CPU
		Release|Any CPU = Release|Any CPU
	EndGlobalSection
	GlobalSection(ProjectConfigurationPlatforms) = postSolution
		{F2BF1DB4-4F86-4530-BE03-9916653F6F1B}.Debug|Any CPU.ActiveCfg = Debug|Any CPU
		{F2BF1DB4-4F86-4530-BE03-9916653F6F1B}.Debug|Any CPU.Build.0 = Debug|Any CPU
		{F2BF1DB4-4F86-4530-BE03-9916653F6F1B}.Release|Any CPU.ActiveCfg = Release|Any CPU
		{F2BF1DB4-4F86-4530-BE03-9916653F6F1B}.Release|Any CPU.Build.0 = Release|Any CPU
	EndGlobalSection
	GlobalSection(SolutionProperties) = preSolution
		HideSolutionNode = FALSE
	EndGlobalSection
	GlobalSection(ExtensibilityGlobals) = postSolution
		SolutionGuid = {DA4D1096-AF8B-4C6A-BF8A-B0E5B9D98363}
	EndGlobalSection
EndGlobal
