
Microsoft Visual Studio Solution File, Format Version 12.00
# Visual Studio Version 16
VisualStudioVersion = 16.0.31005.135
MinimumVisualStudioVersion = 10.0.40219.1
Project("{FAE04EC0-301F-11D3-BF4B-00C04F79EFBC}") = "Colmillos_proyecto", "Colmillos_proyecto\Colmillos_proyecto.csproj", "{608950D6-10D4-417C-907A-7CABC5072590}"
EndProject
Global
	GlobalSection(SolutionConfigurationPlatforms) = preSolution
		Debug|Any CPU = Debug|Any CPU
		Release|Any CPU = Release|Any CPU
	EndGlobalSection
	GlobalSection(ProjectConfigurationPlatforms) = postSolution
		{608950D6-10D4-417C-907A-7CABC5072590}.Debug|Any CPU.ActiveCfg = Debug|Any CPU
		{608950D6-10D4-417C-907A-7CABC5072590}.Debug|Any CPU.Build.0 = Debug|Any CPU
		{608950D6-10D4-417C-907A-7CABC5072590}.Release|Any CPU.ActiveCfg = Release|Any CPU
		{608950D6-10D4-417C-907A-7CABC5072590}.Release|Any CPU.Build.0 = Release|Any CPU
	EndGlobalSection
	GlobalSection(SolutionProperties) = preSolution
		HideSolutionNode = FALSE
	EndGlobalSection
	GlobalSection(ExtensibilityGlobals) = postSolution
		SolutionGuid = {32EBD1CF-9299-4257-BD0A-615E9EE5FBEC}
	EndGlobalSection
EndGlobal
