
Microsoft Visual Studio Solution File, Format Version 12.00
# Visual Studio Version 16
VisualStudioVersion = 16.0.31005.135
MinimumVisualStudioVersion = 10.0.40219.1
Project("{FAE04EC0-301F-11D3-BF4B-00C04F79EFBC}") = "Examen_3", "Examen_3\Examen_3.csproj", "{03E24693-B8C1-4368-8D48-3E89E0C311A8}"
EndProject
Global
	GlobalSection(SolutionConfigurationPlatforms) = preSolution
		Debug|Any CPU = Debug|Any CPU
		Release|Any CPU = Release|Any CPU
	EndGlobalSection
	GlobalSection(ProjectConfigurationPlatforms) = postSolution
		{03E24693-B8C1-4368-8D48-3E89E0C311A8}.Debug|Any CPU.ActiveCfg = Debug|Any CPU
		{03E24693-B8C1-4368-8D48-3E89E0C311A8}.Debug|Any CPU.Build.0 = Debug|Any CPU
		{03E24693-B8C1-4368-8D48-3E89E0C311A8}.Release|Any CPU.ActiveCfg = Release|Any CPU
		{03E24693-B8C1-4368-8D48-3E89E0C311A8}.Release|Any CPU.Build.0 = Release|Any CPU
	EndGlobalSection
	GlobalSection(SolutionProperties) = preSolution
		HideSolutionNode = FALSE
	EndGlobalSection
	GlobalSection(ExtensibilityGlobals) = postSolution
		SolutionGuid = {E85F7A98-8FBB-490D-8670-A3994554BB59}
	EndGlobalSection
EndGlobal
