
Microsoft Visual Studio Solution File, Format Version 12.00
# Visual Studio Version 16
VisualStudioVersion = 16.0.30804.86
MinimumVisualStudioVersion = 10.0.40219.1
Project("{FAE04EC0-301F-11D3-BF4B-00C04F79EFBC}") = "Validar", "Validar\Validar.csproj", "{4A401915-D376-4A0B-8739-0C503E33801A}"
EndProject
Global
	GlobalSection(SolutionConfigurationPlatforms) = preSolution
		Debug|Any CPU = Debug|Any CPU
		Release|Any CPU = Release|Any CPU
	EndGlobalSection
	GlobalSection(ProjectConfigurationPlatforms) = postSolution
		{4A401915-D376-4A0B-8739-0C503E33801A}.Debug|Any CPU.ActiveCfg = Debug|Any CPU
		{4A401915-D376-4A0B-8739-0C503E33801A}.Debug|Any CPU.Build.0 = Debug|Any CPU
		{4A401915-D376-4A0B-8739-0C503E33801A}.Release|Any CPU.ActiveCfg = Release|Any CPU
		{4A401915-D376-4A0B-8739-0C503E33801A}.Release|Any CPU.Build.0 = Release|Any CPU
	EndGlobalSection
	GlobalSection(SolutionProperties) = preSolution
		HideSolutionNode = FALSE
	EndGlobalSection
	GlobalSection(ExtensibilityGlobals) = postSolution
		SolutionGuid = {14E2FACE-C74C-45DE-A62F-6009F00B329F}
	EndGlobalSection
EndGlobal
