
Microsoft Visual Studio Solution File, Format Version 12.00
# Visual Studio Version 16
VisualStudioVersion = 16.0.30804.86
MinimumVisualStudioVersion = 10.0.40219.1
Project("{FAE04EC0-301F-11D3-BF4B-00C04F79EFBC}") = "Figuras--2", "Figuras--2\Figuras--2.csproj", "{FBACDCC1-2255-4344-BB3C-BECDDAD24212}"
EndProject
Global
	GlobalSection(SolutionConfigurationPlatforms) = preSolution
		Debug|Any CPU = Debug|Any CPU
		Release|Any CPU = Release|Any CPU
	EndGlobalSection
	GlobalSection(ProjectConfigurationPlatforms) = postSolution
		{FBACDCC1-2255-4344-BB3C-BECDDAD24212}.Debug|Any CPU.ActiveCfg = Debug|Any CPU
		{FBACDCC1-2255-4344-BB3C-BECDDAD24212}.Debug|Any CPU.Build.0 = Debug|Any CPU
		{FBACDCC1-2255-4344-BB3C-BECDDAD24212}.Release|Any CPU.ActiveCfg = Release|Any CPU
		{FBACDCC1-2255-4344-BB3C-BECDDAD24212}.Release|Any CPU.Build.0 = Release|Any CPU
	EndGlobalSection
	GlobalSection(SolutionProperties) = preSolution
		HideSolutionNode = FALSE
	EndGlobalSection
	GlobalSection(ExtensibilityGlobals) = postSolution
		SolutionGuid = {A3E64C6C-016C-418C-A98F-A02CA553029E}
	EndGlobalSection
EndGlobal
