
Microsoft Visual Studio Solution File, Format Version 12.00
# Visual Studio Version 16
VisualStudioVersion = 16.0.31005.135
MinimumVisualStudioVersion = 10.0.40219.1
Project("{FAE04EC0-301F-11D3-BF4B-00C04F79EFBC}") = "2Formulario_3321IS", "2Formulario_3321IS\2Formulario_3321IS.csproj", "{B9D26BF0-64E1-4E6B-9B1D-4EFD4464FF2A}"
EndProject
Global
	GlobalSection(SolutionConfigurationPlatforms) = preSolution
		Debug|Any CPU = Debug|Any CPU
		Release|Any CPU = Release|Any CPU
	EndGlobalSection
	GlobalSection(ProjectConfigurationPlatforms) = postSolution
		{B9D26BF0-64E1-4E6B-9B1D-4EFD4464FF2A}.Debug|Any CPU.ActiveCfg = Debug|Any CPU
		{B9D26BF0-64E1-4E6B-9B1D-4EFD4464FF2A}.Debug|Any CPU.Build.0 = Debug|Any CPU
		{B9D26BF0-64E1-4E6B-9B1D-4EFD4464FF2A}.Release|Any CPU.ActiveCfg = Release|Any CPU
		{B9D26BF0-64E1-4E6B-9B1D-4EFD4464FF2A}.Release|Any CPU.Build.0 = Release|Any CPU
	EndGlobalSection
	GlobalSection(SolutionProperties) = preSolution
		HideSolutionNode = FALSE
	EndGlobalSection
	GlobalSection(ExtensibilityGlobals) = postSolution
		SolutionGuid = {9F056E9A-03F5-4DB9-A4DF-37B120DB2E96}
	EndGlobalSection
EndGlobal
