
Microsoft Visual Studio Solution File, Format Version 12.00
# Visual Studio Version 16
VisualStudioVersion = 16.0.31005.135
MinimumVisualStudioVersion = 10.0.40219.1
Project("{FAE04EC0-301F-11D3-BF4B-00C04F79EFBC}") = "Empleados3321ISOScary", "Empleados3321ISOScary\Empleados3321ISOScary.csproj", "{551356B6-5D43-4189-A5B9-C52D29244174}"
EndProject
Global
	GlobalSection(SolutionConfigurationPlatforms) = preSolution
		Debug|Any CPU = Debug|Any CPU
		Release|Any CPU = Release|Any CPU
	EndGlobalSection
	GlobalSection(ProjectConfigurationPlatforms) = postSolution
		{551356B6-5D43-4189-A5B9-C52D29244174}.Debug|Any CPU.ActiveCfg = Debug|Any CPU
		{551356B6-5D43-4189-A5B9-C52D29244174}.Debug|Any CPU.Build.0 = Debug|Any CPU
		{551356B6-5D43-4189-A5B9-C52D29244174}.Release|Any CPU.ActiveCfg = Release|Any CPU
		{551356B6-5D43-4189-A5B9-C52D29244174}.Release|Any CPU.Build.0 = Release|Any CPU
	EndGlobalSection
	GlobalSection(SolutionProperties) = preSolution
		HideSolutionNode = FALSE
	EndGlobalSection
	GlobalSection(ExtensibilityGlobals) = postSolution
		SolutionGuid = {5C308D05-5F35-4B96-A178-85463B71F645}
	EndGlobalSection
EndGlobal
