
Microsoft Visual Studio Solution File, Format Version 12.00
# Visual Studio Version 16
VisualStudioVersion = 16.0.31005.135
MinimumVisualStudioVersion = 10.0.40219.1
Project("{FAE04EC0-301F-11D3-BF4B-00C04F79EFBC}") = "Programa Colmillos", "Programa Colmillos\Programa Colmillos.csproj", "{FBE1DF21-6AD8-4F39-9154-50EB20BF4E7B}"
EndProject
Global
	GlobalSection(SolutionConfigurationPlatforms) = preSolution
		Debug|Any CPU = Debug|Any CPU
		Release|Any CPU = Release|Any CPU
	EndGlobalSection
	GlobalSection(ProjectConfigurationPlatforms) = postSolution
		{FBE1DF21-6AD8-4F39-9154-50EB20BF4E7B}.Debug|Any CPU.ActiveCfg = Debug|Any CPU
		{FBE1DF21-6AD8-4F39-9154-50EB20BF4E7B}.Debug|Any CPU.Build.0 = Debug|Any CPU
		{FBE1DF21-6AD8-4F39-9154-50EB20BF4E7B}.Release|Any CPU.ActiveCfg = Release|Any CPU
		{FBE1DF21-6AD8-4F39-9154-50EB20BF4E7B}.Release|Any CPU.Build.0 = Release|Any CPU
	EndGlobalSection
	GlobalSection(SolutionProperties) = preSolution
		HideSolutionNode = FALSE
	EndGlobalSection
	GlobalSection(ExtensibilityGlobals) = postSolution
		SolutionGuid = {78343CD2-77F1-4029-A183-053DB597466D}
	EndGlobalSection
EndGlobal
