
Microsoft Visual Studio Solution File, Format Version 12.00
# Visual Studio Version 16
VisualStudioVersion = 16.0.30804.86
MinimumVisualStudioVersion = 10.0.40219.1
Project("{FAE04EC0-301F-11D3-BF4B-00C04F79EFBC}") = "Atributos0", "Atributos0\Atributos0.csproj", "{450E7774-DF87-4EC2-9C71-19F435F333CA}"
EndProject
Global
	GlobalSection(SolutionConfigurationPlatforms) = preSolution
		Debug|Any CPU = Debug|Any CPU
		Release|Any CPU = Release|Any CPU
	EndGlobalSection
	GlobalSection(ProjectConfigurationPlatforms) = postSolution
		{450E7774-DF87-4EC2-9C71-19F435F333CA}.Debug|Any CPU.ActiveCfg = Debug|Any CPU
		{450E7774-DF87-4EC2-9C71-19F435F333CA}.Debug|Any CPU.Build.0 = Debug|Any CPU
		{450E7774-DF87-4EC2-9C71-19F435F333CA}.Release|Any CPU.ActiveCfg = Release|Any CPU
		{450E7774-DF87-4EC2-9C71-19F435F333CA}.Release|Any CPU.Build.0 = Release|Any CPU
	EndGlobalSection
	GlobalSection(SolutionProperties) = preSolution
		HideSolutionNode = FALSE
	EndGlobalSection
	GlobalSection(ExtensibilityGlobals) = postSolution
		SolutionGuid = {6E48DA23-19EC-4D6A-8C9A-A13944824B80}
	EndGlobalSection
EndGlobal
