
Microsoft Visual Studio Solution File, Format Version 12.00
# Visual Studio Version 16
VisualStudioVersion = 16.0.31005.135
MinimumVisualStudioVersion = 10.0.40219.1
Project("{FAE04EC0-301F-11D3-BF4B-00C04F79EFBC}") = "Etiquetas_Botones_3321IS", "Etiquetas_Botones_3321IS\Etiquetas_Botones_3321IS.csproj", "{BE0443B4-11C3-4E76-B3F8-AF1FF4C8AF04}"
EndProject
Global
	GlobalSection(SolutionConfigurationPlatforms) = preSolution
		Debug|Any CPU = Debug|Any CPU
		Release|Any CPU = Release|Any CPU
	EndGlobalSection
	GlobalSection(ProjectConfigurationPlatforms) = postSolution
		{BE0443B4-11C3-4E76-B3F8-AF1FF4C8AF04}.Debug|Any CPU.ActiveCfg = Debug|Any CPU
		{BE0443B4-11C3-4E76-B3F8-AF1FF4C8AF04}.Debug|Any CPU.Build.0 = Debug|Any CPU
		{BE0443B4-11C3-4E76-B3F8-AF1FF4C8AF04}.Release|Any CPU.ActiveCfg = Release|Any CPU
		{BE0443B4-11C3-4E76-B3F8-AF1FF4C8AF04}.Release|Any CPU.Build.0 = Release|Any CPU
	EndGlobalSection
	GlobalSection(SolutionProperties) = preSolution
		HideSolutionNode = FALSE
	EndGlobalSection
	GlobalSection(ExtensibilityGlobals) = postSolution
		SolutionGuid = {2D94CC5A-2D3A-451D-9165-38AD7F075C44}
	EndGlobalSection
EndGlobal
