
Microsoft Visual Studio Solution File, Format Version 12.00
# Visual Studio Version 16
VisualStudioVersion = 16.0.30804.86
MinimumVisualStudioVersion = 10.0.40219.1
Project("{FAE04EC0-301F-11D3-BF4B-00C04F79EFBC}") = "Estudio de caso", "Estudio de caso\Estudio de caso.csproj", "{3C6B9936-DE26-46FC-BCD8-8CAB0E38A54B}"
EndProject
Global
	GlobalSection(SolutionConfigurationPlatforms) = preSolution
		Debug|Any CPU = Debug|Any CPU
		Release|Any CPU = Release|Any CPU
	EndGlobalSection
	GlobalSection(ProjectConfigurationPlatforms) = postSolution
		{3C6B9936-DE26-46FC-BCD8-8CAB0E38A54B}.Debug|Any CPU.ActiveCfg = Debug|Any CPU
		{3C6B9936-DE26-46FC-BCD8-8CAB0E38A54B}.Debug|Any CPU.Build.0 = Debug|Any CPU
		{3C6B9936-DE26-46FC-BCD8-8CAB0E38A54B}.Release|Any CPU.ActiveCfg = Release|Any CPU
		{3C6B9936-DE26-46FC-BCD8-8CAB0E38A54B}.Release|Any CPU.Build.0 = Release|Any CPU
	EndGlobalSection
	GlobalSection(SolutionProperties) = preSolution
		HideSolutionNode = FALSE
	EndGlobalSection
	GlobalSection(ExtensibilityGlobals) = postSolution
		SolutionGuid = {B2E8A24A-8D4D-485A-9FFB-E39237011106}
	EndGlobalSection
EndGlobal
