
Microsoft Visual Studio Solution File, Format Version 12.00
# Visual Studio Version 16
VisualStudioVersion = 16.0.31005.135
MinimumVisualStudioVersion = 10.0.40219.1
Project("{FAE04EC0-301F-11D3-BF4B-00C04F79EFBC}") = "neww", "neww\neww.csproj", "{4B5A5935-6F28-44C7-B66E-03922DC1B30D}"
EndProject
Global
	GlobalSection(SolutionConfigurationPlatforms) = preSolution
		Debug|Any CPU = Debug|Any CPU
		Release|Any CPU = Release|Any CPU
	EndGlobalSection
	GlobalSection(ProjectConfigurationPlatforms) = postSolution
		{4B5A5935-6F28-44C7-B66E-03922DC1B30D}.Debug|Any CPU.ActiveCfg = Debug|Any CPU
		{4B5A5935-6F28-44C7-B66E-03922DC1B30D}.Debug|Any CPU.Build.0 = Debug|Any CPU
		{4B5A5935-6F28-44C7-B66E-03922DC1B30D}.Release|Any CPU.ActiveCfg = Release|Any CPU
		{4B5A5935-6F28-44C7-B66E-03922DC1B30D}.Release|Any CPU.Build.0 = Release|Any CPU
	EndGlobalSection
	GlobalSection(SolutionProperties) = preSolution
		HideSolutionNode = FALSE
	EndGlobalSection
	GlobalSection(ExtensibilityGlobals) = postSolution
		SolutionGuid = {D5E836B8-311C-4500-8741-E45D44BD9F78}
	EndGlobalSection
EndGlobal
