
Microsoft Visual Studio Solution File, Format Version 12.00
# Visual Studio Version 16
VisualStudioVersion = 16.0.31005.135
MinimumVisualStudioVersion = 10.0.40219.1
Project("{FAE04EC0-301F-11D3-BF4B-00C04F79EFBC}") = "HashTable", "HashTable\HashTable.csproj", "{0ECEA45C-FA74-4869-B211-8D4895435346}"
EndProject
Global
	GlobalSection(SolutionConfigurationPlatforms) = preSolution
		Debug|Any CPU = Debug|Any CPU
		Release|Any CPU = Release|Any CPU
	EndGlobalSection
	GlobalSection(ProjectConfigurationPlatforms) = postSolution
		{0ECEA45C-FA74-4869-B211-8D4895435346}.Debug|Any CPU.ActiveCfg = Debug|Any CPU
		{0ECEA45C-FA74-4869-B211-8D4895435346}.Debug|Any CPU.Build.0 = Debug|Any CPU
		{0ECEA45C-FA74-4869-B211-8D4895435346}.Release|Any CPU.ActiveCfg = Release|Any CPU
		{0ECEA45C-FA74-4869-B211-8D4895435346}.Release|Any CPU.Build.0 = Release|Any CPU
	EndGlobalSection
	GlobalSection(SolutionProperties) = preSolution
		HideSolutionNode = FALSE
	EndGlobalSection
	GlobalSection(ExtensibilityGlobals) = postSolution
		SolutionGuid = {85FDB0E3-AF30-490C-8F93-7853EE85CF97}
	EndGlobalSection
EndGlobal
