
Microsoft Visual Studio Solution File, Format Version 12.00
# Visual Studio Version 16
VisualStudioVersion = 16.0.31005.135
MinimumVisualStudioVersion = 10.0.40219.1
Project("{FAE04EC0-301F-11D3-BF4B-00C04F79EFBC}") = "BURBUJA", "BURBUJA\BURBUJA.csproj", "{569EABBC-8EC6-446D-B02F-BB396293F28D}"
EndProject
Global
	GlobalSection(SolutionConfigurationPlatforms) = preSolution
		Debug|Any CPU = Debug|Any CPU
		Release|Any CPU = Release|Any CPU
	EndGlobalSection
	GlobalSection(ProjectConfigurationPlatforms) = postSolution
		{569EABBC-8EC6-446D-B02F-BB396293F28D}.Debug|Any CPU.ActiveCfg = Debug|Any CPU
		{569EABBC-8EC6-446D-B02F-BB396293F28D}.Debug|Any CPU.Build.0 = Debug|Any CPU
		{569EABBC-8EC6-446D-B02F-BB396293F28D}.Release|Any CPU.ActiveCfg = Release|Any CPU
		{569EABBC-8EC6-446D-B02F-BB396293F28D}.Release|Any CPU.Build.0 = Release|Any CPU
	EndGlobalSection
	GlobalSection(SolutionProperties) = preSolution
		HideSolutionNode = FALSE
	EndGlobalSection
	GlobalSection(ExtensibilityGlobals) = postSolution
		SolutionGuid = {E1CEC992-0EAD-473D-A5D7-2117999AD6C7}
	EndGlobalSection
EndGlobal
